
Microsoft Visual Studio Solution File, Format Version 12.00
# Visual Studio Version 17
VisualStudioVersion = 17.9.34622.214
MinimumVisualStudioVersion = 10.0.40219.1
Project("{9A19103F-16F7-4668-BE54-9A1E7A4F7556}") = "PCSyncAv", "PCSyncAv.csproj", "{5EB271A6-1605-4ACD-A3AA-5F25722D7128}"
EndProject
Project("{9A19103F-16F7-4668-BE54-9A1E7A4F7556}") = "PCSyncAv.Desktop", "..\PCSyncAv.Desktop\PCSyncAv.Desktop.csproj", "{D71FF528-1E86-4438-A9E9-16152507E42A}"
EndProject
Project("{FAE04EC0-301F-11D3-BF4B-00C04F79EFBC}") = "PcSyncLib", "..\PcSyncLib\PcSyncLib.csproj", "{EE585AC0-8C67-4354-A459-81325FBFA410}"
EndProject
Project("{FAE04EC0-301F-11D3-BF4B-00C04F79EFBC}") = "PCSyncLibTests", "..\PCSyncLibTests\PCSyncLibTests.csproj", "{7BE7B452-FA63-4081-8ECF-C3A2EFC56D50}"
EndProject
Global
	GlobalSection(SolutionConfigurationPlatforms) = preSolution
		Debug|Any CPU = Debug|Any CPU
		Release|Any CPU = Release|Any CPU
	EndGlobalSection
	GlobalSection(ProjectConfigurationPlatforms) = postSolution
		{5EB271A6-1605-4ACD-A3AA-5F25722D7128}.Debug|Any CPU.ActiveCfg = Debug|Any CPU
		{5EB271A6-1605-4ACD-A3AA-5F25722D7128}.Debug|Any CPU.Build.0 = Debug|Any CPU
		{5EB271A6-1605-4ACD-A3AA-5F25722D7128}.Release|Any CPU.ActiveCfg = Release|Any CPU
		{5EB271A6-1605-4ACD-A3AA-5F25722D7128}.Release|Any CPU.Build.0 = Release|Any CPU
		{D71FF528-1E86-4438-A9E9-16152507E42A}.Debug|Any CPU.ActiveCfg = Debug|Any CPU
		{D71FF528-1E86-4438-A9E9-16152507E42A}.Debug|Any CPU.Build.0 = Debug|Any CPU
		{D71FF528-1E86-4438-A9E9-16152507E42A}.Release|Any CPU.ActiveCfg = Release|Any CPU
		{D71FF528-1E86-4438-A9E9-16152507E42A}.Release|Any CPU.Build.0 = Release|Any CPU
		{EE585AC0-8C67-4354-A459-81325FBFA410}.Debug|Any CPU.ActiveCfg = Debug|Any CPU
		{EE585AC0-8C67-4354-A459-81325FBFA410}.Debug|Any CPU.Build.0 = Debug|Any CPU
		{EE585AC0-8C67-4354-A459-81325FBFA410}.Release|Any CPU.ActiveCfg = Release|Any CPU
		{EE585AC0-8C67-4354-A459-81325FBFA410}.Release|Any CPU.Build.0 = Release|Any CPU
		{7BE7B452-FA63-4081-8ECF-C3A2EFC56D50}.Debug|Any CPU.ActiveCfg = Debug|Any CPU
		{7BE7B452-FA63-4081-8ECF-C3A2EFC56D50}.Debug|Any CPU.Build.0 = Debug|Any CPU
		{7BE7B452-FA63-4081-8ECF-C3A2EFC56D50}.Release|Any CPU.ActiveCfg = Release|Any CPU
		{7BE7B452-FA63-4081-8ECF-C3A2EFC56D50}.Release|Any CPU.Build.0 = Release|Any CPU
	EndGlobalSection
	GlobalSection(SolutionProperties) = preSolution
		HideSolutionNode = FALSE
	EndGlobalSection
	GlobalSection(ExtensibilityGlobals) = postSolution
		SolutionGuid = {CE49DA8A-AD31-4F7A-A5C0-459DC0E9972D}
	EndGlobalSection
EndGlobal
